
Microsoft Visual Studio Solution File, Format Version 12.00
# Visual Studio 15
Project("{FAE04EC0-301F-11D3-BF4B-00C04F79EFBC}") = "Assembly-CSharp", "Assembly-CSharp.csproj", "{64EC33CA-02EA-4784-4856-B9733EECF819}"
EndProject
Project("{FAE04EC0-301F-11D3-BF4B-00C04F79EFBC}") = "Assembly-CSharp-firstpass", "Assembly-CSharp-firstpass.csproj", "{869FDDEE-118C-76D6-AB11-3533136E19E3}"
EndProject
Project("{FAE04EC0-301F-11D3-BF4B-00C04F79EFBC}") = "Assembly-CSharp-Editor", "Assembly-CSharp-Editor.csproj", "{D58D9C61-48CE-29F6-560E-06A4F9168E15}"
EndProject
Project("{FAE04EC0-301F-11D3-BF4B-00C04F79EFBC}") = "Assembly-CSharp-Editor-firstpass", "Assembly-CSharp-Editor-firstpass.csproj", "{8E77D9CB-C0F9-ED23-3D8D-F41490ECAC89}"
EndProject
Global
	GlobalSection(SolutionConfigurationPlatforms) = preSolution
		Debug|Any CPU = Debug|Any CPU
		Release|Any CPU = Release|Any CPU
	EndGlobalSection
	GlobalSection(ProjectConfigurationPlatforms) = postSolution
		{64EC33CA-02EA-4784-4856-B9733EECF819}.Debug|Any CPU.ActiveCfg = Debug|Any CPU
		{64EC33CA-02EA-4784-4856-B9733EECF819}.Debug|Any CPU.Build.0 = Debug|Any CPU
		{64EC33CA-02EA-4784-4856-B9733EECF819}.Release|Any CPU.ActiveCfg = Release|Any CPU
		{64EC33CA-02EA-4784-4856-B9733EECF819}.Release|Any CPU.Build.0 = Release|Any CPU
		{869FDDEE-118C-76D6-AB11-3533136E19E3}.Debug|Any CPU.ActiveCfg = Debug|Any CPU
		{869FDDEE-118C-76D6-AB11-3533136E19E3}.Debug|Any CPU.Build.0 = Debug|Any CPU
		{869FDDEE-118C-76D6-AB11-3533136E19E3}.Release|Any CPU.ActiveCfg = Release|Any CPU
		{869FDDEE-118C-76D6-AB11-3533136E19E3}.Release|Any CPU.Build.0 = Release|Any CPU
		{D58D9C61-48CE-29F6-560E-06A4F9168E15}.Debug|Any CPU.ActiveCfg = Debug|Any CPU
		{D58D9C61-48CE-29F6-560E-06A4F9168E15}.Debug|Any CPU.Build.0 = Debug|Any CPU
		{D58D9C61-48CE-29F6-560E-06A4F9168E15}.Release|Any CPU.ActiveCfg = Release|Any CPU
		{D58D9C61-48CE-29F6-560E-06A4F9168E15}.Release|Any CPU.Build.0 = Release|Any CPU
		{8E77D9CB-C0F9-ED23-3D8D-F41490ECAC89}.Debug|Any CPU.ActiveCfg = Debug|Any CPU
		{8E77D9CB-C0F9-ED23-3D8D-F41490ECAC89}.Debug|Any CPU.Build.0 = Debug|Any CPU
		{8E77D9CB-C0F9-ED23-3D8D-F41490ECAC89}.Release|Any CPU.ActiveCfg = Release|Any CPU
		{8E77D9CB-C0F9-ED23-3D8D-F41490ECAC89}.Release|Any CPU.Build.0 = Release|Any CPU
	EndGlobalSection
	GlobalSection(SolutionProperties) = preSolution
		HideSolutionNode = FALSE
	EndGlobalSection
EndGlobal
